
Microsoft Visual Studio Solution File, Format Version 12.00
# Visual Studio 15
VisualStudioVersion = 15.0.26228.4
MinimumVisualStudioVersion = 10.0.40219.1
Project("{FAE04EC0-301F-11D3-BF4B-00C04F79EFBC}") = "Code 3 Callouts", "Code 3 Callouts\Code 3 Callouts.csproj", "{7B6EFFCF-9F09-439C-BC68-E95FA6855A4A}"
EndProject
Global
	GlobalSection(SolutionConfigurationPlatforms) = preSolution
		Debug|Any CPU = Debug|Any CPU
		Debug|x64 = Debug|x64
		Debug|x86 = Debug|x86
		QA|Any CPU = QA|Any CPU
		QA|x64 = QA|x64
		QA|x86 = QA|x86
		Release|Any CPU = Release|Any CPU
		Release|x64 = Release|x64
		Release|x86 = Release|x86
	EndGlobalSection
	GlobalSection(ProjectConfigurationPlatforms) = postSolution
		{7B6EFFCF-9F09-439C-BC68-E95FA6855A4A}.Debug|Any CPU.ActiveCfg = Debug|x64
		{7B6EFFCF-9F09-439C-BC68-E95FA6855A4A}.Debug|Any CPU.Build.0 = Debug|x64
		{7B6EFFCF-9F09-439C-BC68-E95FA6855A4A}.Debug|x64.ActiveCfg = Debug|x64
		{7B6EFFCF-9F09-439C-BC68-E95FA6855A4A}.Debug|x64.Build.0 = Debug|x64
		{7B6EFFCF-9F09-439C-BC68-E95FA6855A4A}.Debug|x86.ActiveCfg = Debug|Any CPU
		{7B6EFFCF-9F09-439C-BC68-E95FA6855A4A}.Debug|x86.Build.0 = Debug|Any CPU
		{7B6EFFCF-9F09-439C-BC68-E95FA6855A4A}.QA|Any CPU.ActiveCfg = QA|Any CPU
		{7B6EFFCF-9F09-439C-BC68-E95FA6855A4A}.QA|Any CPU.Build.0 = QA|Any CPU
		{7B6EFFCF-9F09-439C-BC68-E95FA6855A4A}.QA|x64.ActiveCfg = QA|x64
		{7B6EFFCF-9F09-439C-BC68-E95FA6855A4A}.QA|x64.Build.0 = QA|x64
		{7B6EFFCF-9F09-439C-BC68-E95FA6855A4A}.QA|x86.ActiveCfg = QA|Any CPU
		{7B6EFFCF-9F09-439C-BC68-E95FA6855A4A}.QA|x86.Build.0 = QA|Any CPU
		{7B6EFFCF-9F09-439C-BC68-E95FA6855A4A}.Release|Any CPU.ActiveCfg = Release|Any CPU
		{7B6EFFCF-9F09-439C-BC68-E95FA6855A4A}.Release|Any CPU.Build.0 = Release|Any CPU
		{7B6EFFCF-9F09-439C-BC68-E95FA6855A4A}.Release|x64.ActiveCfg = Release|x64
		{7B6EFFCF-9F09-439C-BC68-E95FA6855A4A}.Release|x64.Build.0 = Release|x64
		{7B6EFFCF-9F09-439C-BC68-E95FA6855A4A}.Release|x86.ActiveCfg = Release|Any CPU
		{7B6EFFCF-9F09-439C-BC68-E95FA6855A4A}.Release|x86.Build.0 = Release|Any CPU
	EndGlobalSection
	GlobalSection(SolutionProperties) = preSolution
		HideSolutionNode = FALSE
	EndGlobalSection
	GlobalSection(ExtensibilityGlobals) = postSolution
		SolutionGuid = {418D8280-430C-4046-9A83-0CDB6742840C}
	EndGlobalSection
EndGlobal
